# THIS IS AN AUTOGENERATED FILE. DO NOT EDIT THIS FILE DIRECTLY.
# yarn lockfile v1


ejs@^2.6.1:
  version "2.6.1"
  resolved "https://registry.yarnpkg.com/ejs/-/ejs-2.6.1.tgz#498ec0d495655abc6f23cd61868d926464071aa0"

hjson@^3.1.1:
  version "3.1.1"
  resolved "https://registry.yarnpkg.com/hjson/-/hjson-3.1.1.tgz#eaab95eebc6c0c749442219a817d9b4ff0070dd2"

opto@^1.0.1:
  version "1.0.1"
  resolved "https://registry.yarnpkg.com/opto/-/opto-1.0.1.tgz#a96125584e2837187db73b9299facd87e51f5e37"
